// !$*UTF8*$!
{
	archiveVersion = 1;
	classes = {
	};
	objectVersion = 46;
	objects = {

/* Begin PBXBuildFile section */
		5702E6471B9C8BB6001D3E9E /* main.m in Sources */ = {isa = PBXBuildFile; fileRef = 5702E6461B9C8BB6001D3E9E /* main.m */; };
		5702E64A1B9C8BB6001D3E9E /* AppDelegate.m in Sources */ = {isa = PBXBuildFile; fileRef = 5702E6491B9C8BB6001D3E9E /* AppDelegate.m */; };
		5702E6521B9C8BB6001D3E9E /* Images.xcassets in Resources */ = {isa = PBXBuildFile; fileRef = 5702E6511B9C8BB6001D3E9E /* Images.xcassets */; };
		5702E6551B9C8BB6001D3E9E /* LaunchScreen.xib in Resources */ = {isa = PBXBuildFile; fileRef = 5702E6531B9C8BB6001D3E9E /* LaunchScreen.xib */; };
		5702E6701B9DFF7F001D3E9E /* APIManager.m in Sources */ = {isa = PBXBuildFile; fileRef = 5702E66F1B9DFF7F001D3E9E /* APIManager.m */; };
		5702E6731B9DFFE8001D3E9E /* BaseViewController.m in Sources */ = {isa = PBXBuildFile; fileRef = 5702E6721B9DFFE8001D3E9E /* BaseViewController.m */; };
		5702E6761B9DFFFD001D3E9E /* BaseModel.m in Sources */ = {isa = PBXBuildFile; fileRef = 5702E6751B9DFFFD001D3E9E /* BaseModel.m */; };
		5702E6791B9E1122001D3E9E /* SplashViewController.m in Sources */ = {isa = PBXBuildFile; fileRef = 5702E6781B9E1122001D3E9E /* SplashViewController.m */; };
		5702E67C1B9E112D001D3E9E /* LoginViewController.m in Sources */ = {isa = PBXBuildFile; fileRef = 5702E67B1B9E112D001D3E9E /* LoginViewController.m */; };
		5702E67F1B9F2A9D001D3E9E /* FeedViewController.m in Sources */ = {isa = PBXBuildFile; fileRef = 5702E67E1B9F2A9D001D3E9E /* FeedViewController.m */; };
		5702E6821B9F2FB2001D3E9E /* InstagramCell.m in Sources */ = {isa = PBXBuildFile; fileRef = 5702E6811B9F2FB2001D3E9E /* InstagramCell.m */; };
		5702E6851B9F3017001D3E9E /* LoadingIndicatorCell.m in Sources */ = {isa = PBXBuildFile; fileRef = 5702E6841B9F3017001D3E9E /* LoadingIndicatorCell.m */; };
		5702E6881B9F315E001D3E9E /* MediaCollection.m in Sources */ = {isa = PBXBuildFile; fileRef = 5702E6871B9F315E001D3E9E /* MediaCollection.m */; };
		AD07C1122F75162B5E71A0A2 /* libPods-HipoInstagramClient.a in Frameworks */ = {isa = PBXBuildFile; fileRef = 1A61EED7A51401105BA12796 /* libPods-HipoInstagramClient.a */; };
/* End PBXBuildFile section */

/* Begin PBXFileReference section */
		1A61EED7A51401105BA12796 /* libPods-HipoInstagramClient.a */ = {isa = PBXFileReference; explicitFileType = archive.ar; includeInIndex = 0; path = "libPods-HipoInstagramClient.a"; sourceTree = BUILT_PRODUCTS_DIR; };
		45C5C7213524110673F03008 /* Pods-HipoInstagramClient.debug.xcconfig */ = {isa = PBXFileReference; includeInIndex = 1; lastKnownFileType = text.xcconfig; name = "Pods-HipoInstagramClient.debug.xcconfig"; path = "Pods/Target Support Files/Pods-HipoInstagramClient/Pods-HipoInstagramClient.debug.xcconfig"; sourceTree = "<group>"; };
		5702E6411B9C8BB6001D3E9E /* HipoInstagramClient.app */ = {isa = PBXFileReference; explicitFileType = wrapper.application; includeInIndex = 0; path = HipoInstagramClient.app; sourceTree = BUILT_PRODUCTS_DIR; };
		5702E6451B9C8BB6001D3E9E /* Info.plist */ = {isa = PBXFileReference; lastKnownFileType = text.plist.xml; path = Info.plist; sourceTree = "<group>"; };
		5702E6461B9C8BB6001D3E9E /* main.m */ = {isa = PBXFileReference; lastKnownFileType = sourcecode.c.objc; path = main.m; sourceTree = "<group>"; };
		5702E6481B9C8BB6001D3E9E /* AppDelegate.h */ = {isa = PBXFileReference; lastKnownFileType = sourcecode.c.h; path = AppDelegate.h; sourceTree = "<group>"; };
		5702E6491B9C8BB6001D3E9E /* AppDelegate.m */ = {isa = PBXFileReference; lastKnownFileType = sourcecode.c.objc; path = AppDelegate.m; sourceTree = "<group>"; };
		5702E6511B9C8BB6001D3E9E /* Images.xcassets */ = {isa = PBXFileReference; lastKnownFileType = folder.assetcatalog; path = Images.xcassets; sourceTree = "<group>"; };
		5702E6541B9C8BB6001D3E9E /* Base */ = {isa = PBXFileReference; lastKnownFileType = file.xib; name = Base; path = Base.lproj/LaunchScreen.xib; sourceTree = "<group>"; };
		5702E65F1B9C8BB6001D3E9E /* Info.plist */ = {isa = PBXFileReference; lastKnownFileType = text.plist.xml; path = Info.plist; sourceTree = "<group>"; };
		5702E6601B9C8BB6001D3E9E /* HipoInstagramClientTests.m */ = {isa = PBXFileReference; lastKnownFileType = sourcecode.c.objc; path = HipoInstagramClientTests.m; sourceTree = "<group>"; };
		5702E66E1B9DFF7F001D3E9E /* APIManager.h */ = {isa = PBXFileReference; fileEncoding = 4; lastKnownFileType = sourcecode.c.h; path = APIManager.h; sourceTree = "<group>"; };
		5702E66F1B9DFF7F001D3E9E /* APIManager.m */ = {isa = PBXFileReference; fileEncoding = 4; lastKnownFileType = sourcecode.c.objc; path = APIManager.m; sourceTree = "<group>"; };
		5702E6711B9DFFE8001D3E9E /* BaseViewController.h */ = {isa = PBXFileReference; fileEncoding = 4; lastKnownFileType = sourcecode.c.h; path = BaseViewController.h; sourceTree = "<group>"; };
		5702E6721B9DFFE8001D3E9E /* BaseViewController.m */ = {isa = PBXFileReference; fileEncoding = 4; lastKnownFileType = sourcecode.c.objc; path = BaseViewController.m; sourceTree = "<group>"; };
		5702E6741B9DFFFD001D3E9E /* BaseModel.h */ = {isa = PBXFileReference; fileEncoding = 4; lastKnownFileType = sourcecode.c.h; path = BaseModel.h; sourceTree = "<group>"; };
		5702E6751B9DFFFD001D3E9E /* BaseModel.m */ = {isa = PBXFileReference; fileEncoding = 4; lastKnownFileType = sourcecode.c.objc; path = BaseModel.m; sourceTree = "<group>"; };
		5702E6771B9E1122001D3E9E /* SplashViewController.h */ = {isa = PBXFileReference; fileEncoding = 4; lastKnownFileType = sourcecode.c.h; path = SplashViewController.h; sourceTree = "<group>"; };
		5702E6781B9E1122001D3E9E /* SplashViewController.m */ = {isa = PBXFileReference; fileEncoding = 4; lastKnownFileType = sourcecode.c.objc; path = SplashViewController.m; sourceTree = "<group>"; };
		5702E67A1B9E112D001D3E9E /* LoginViewController.h */ = {isa = PBXFileReference; fileEncoding = 4; lastKnownFileType = sourcecode.c.h; path = LoginViewController.h; sourceTree = "<group>"; };
		5702E67B1B9E112D001D3E9E /* LoginViewController.m */ = {isa = PBXFileReference; fileEncoding = 4; lastKnownFileType = sourcecode.c.objc; path = LoginViewController.m; sourceTree = "<group>"; };
		5702E67D1B9F2A9D001D3E9E /* FeedViewController.h */ = {isa = PBXFileReference; fileEncoding = 4; lastKnownFileType = sourcecode.c.h; path = FeedViewController.h; sourceTree = "<group>"; };
		5702E67E1B9F2A9D001D3E9E /* FeedViewController.m */ = {isa = PBXFileReference; fileEncoding = 4; lastKnownFileType = sourcecode.c.objc; path = FeedViewController.m; sourceTree = "<group>"; };
		5702E6801B9F2FB2001D3E9E /* InstagramCell.h */ = {isa = PBXFileReference; fileEncoding = 4; lastKnownFileType = sourcecode.c.h; path = InstagramCell.h; sourceTree = "<group>"; };
		5702E6811B9F2FB2001D3E9E /* InstagramCell.m */ = {isa = PBXFileReference; fileEncoding = 4; lastKnownFileType = sourcecode.c.objc; path = InstagramCell.m; sourceTree = "<group>"; };
		5702E6831B9F3017001D3E9E /* LoadingIndicatorCell.h */ = {isa = PBXFileReference; fileEncoding = 4; lastKnownFileType = sourcecode.c.h; path = LoadingIndicatorCell.h; sourceTree = "<group>"; };
		5702E6841B9F3017001D3E9E /* LoadingIndicatorCell.m */ = {isa = PBXFileReference; fileEncoding = 4; lastKnownFileType = sourcecode.c.objc; path = LoadingIndicatorCell.m; sourceTree = "<group>"; };
		5702E6861B9F315E001D3E9E /* MediaCollection.h */ = {isa = PBXFileReference; fileEncoding = 4; lastKnownFileType = sourcecode.c.h; path = MediaCollection.h; sourceTree = "<group>"; };
		5702E6871B9F315E001D3E9E /* MediaCollection.m */ = {isa = PBXFileReference; fileEncoding = 4; lastKnownFileType = sourcecode.c.objc; path = MediaCollection.m; sourceTree = "<group>"; };
		BF43B69106D115D992781F46 /* Pods-HipoInstagramClient.release.xcconfig */ = {isa = PBXFileReference; includeInIndex = 1; lastKnownFileType = text.xcconfig; name = "Pods-HipoInstagramClient.release.xcconfig"; path = "Pods/Target Support Files/Pods-HipoInstagramClient/Pods-HipoInstagramClient.release.xcconfig"; sourceTree = "<group>"; };
/* End PBXFileReference section */

/* Begin PBXFrameworksBuildPhase section */
		5702E63E1B9C8BB6001D3E9E /* Frameworks */ = {
			isa = PBXFrameworksBuildPhase;
			buildActionMask = 2147483647;
			files = (
				AD07C1122F75162B5E71A0A2 /* libPods-HipoInstagramClient.a in Frameworks */,
			);
			runOnlyForDeploymentPostprocessing = 0;
		};
/* End PBXFrameworksBuildPhase section */

/* Begin PBXGroup section */
		1A99246C46E1EA8ADE7D18FB /* Pods */ = {
			isa = PBXGroup;
			children = (
				45C5C7213524110673F03008 /* Pods-HipoInstagramClient.debug.xcconfig */,
				BF43B69106D115D992781F46 /* Pods-HipoInstagramClient.release.xcconfig */,
			);
			name = Pods;
			sourceTree = "<group>";
		};
		5702E6381B9C8BB6001D3E9E = {
			isa = PBXGroup;
			children = (
				5702E6431B9C8BB6001D3E9E /* HipoInstagramClient */,
				5702E65D1B9C8BB6001D3E9E /* HipoInstagramClientTests */,
				5702E6421B9C8BB6001D3E9E /* Products */,
				1A99246C46E1EA8ADE7D18FB /* Pods */,
				5994AB6686F01F96B4D1425F /* Frameworks */,
			);
			sourceTree = "<group>";
		};
		5702E6421B9C8BB6001D3E9E /* Products */ = {
			isa = PBXGroup;
			children = (
				5702E6411B9C8BB6001D3E9E /* HipoInstagramClient.app */,
			);
			name = Products;
			sourceTree = "<group>";
		};
		5702E6431B9C8BB6001D3E9E /* HipoInstagramClient */ = {
			isa = PBXGroup;
			children = (
				5702E66D1B9DFD84001D3E9E /* Managers */,
				5702E66A1B9DE06C001D3E9E /* Controllers */,
				5702E66B1B9DE06C001D3E9E /* Views */,
				5702E66C1B9DE06C001D3E9E /* Models */,
				5702E6481B9C8BB6001D3E9E /* AppDelegate.h */,
				5702E6491B9C8BB6001D3E9E /* AppDelegate.m */,
				5702E6511B9C8BB6001D3E9E /* Images.xcassets */,
				5702E6531B9C8BB6001D3E9E /* LaunchScreen.xib */,
				5702E6441B9C8BB6001D3E9E /* Supporting Files */,
			);
			path = HipoInstagramClient;
			sourceTree = "<group>";
		};
		5702E6441B9C8BB6001D3E9E /* Supporting Files */ = {
			isa = PBXGroup;
			children = (
				5702E6451B9C8BB6001D3E9E /* Info.plist */,
				5702E6461B9C8BB6001D3E9E /* main.m */,
			);
			name = "Supporting Files";
			sourceTree = "<group>";
		};
		5702E65D1B9C8BB6001D3E9E /* HipoInstagramClientTests */ = {
			isa = PBXGroup;
			children = (
				5702E6601B9C8BB6001D3E9E /* HipoInstagramClientTests.m */,
				5702E65E1B9C8BB6001D3E9E /* Supporting Files */,
			);
			path = HipoInstagramClientTests;
			sourceTree = "<group>";
		};
		5702E65E1B9C8BB6001D3E9E /* Supporting Files */ = {
			isa = PBXGroup;
			children = (
				5702E65F1B9C8BB6001D3E9E /* Info.plist */,
			);
			name = "Supporting Files";
			sourceTree = "<group>";
		};
		5702E66A1B9DE06C001D3E9E /* Controllers */ = {
			isa = PBXGroup;
			children = (
				5702E6711B9DFFE8001D3E9E /* BaseViewController.h */,
				5702E6721B9DFFE8001D3E9E /* BaseViewController.m */,
				5702E6771B9E1122001D3E9E /* SplashViewController.h */,
				5702E6781B9E1122001D3E9E /* SplashViewController.m */,
				5702E67A1B9E112D001D3E9E /* LoginViewController.h */,
				5702E67B1B9E112D001D3E9E /* LoginViewController.m */,
				5702E67D1B9F2A9D001D3E9E /* FeedViewController.h */,
				5702E67E1B9F2A9D001D3E9E /* FeedViewController.m */,
			);
			path = Controllers;
			sourceTree = "<group>";
		};
		5702E66B1B9DE06C001D3E9E /* Views */ = {
			isa = PBXGroup;
			children = (
				5702E6801B9F2FB2001D3E9E /* InstagramCell.h */,
				5702E6811B9F2FB2001D3E9E /* InstagramCell.m */,
				5702E6831B9F3017001D3E9E /* LoadingIndicatorCell.h */,
				5702E6841B9F3017001D3E9E /* LoadingIndicatorCell.m */,
			);
			path = Views;
			sourceTree = "<group>";
		};
		5702E66C1B9DE06C001D3E9E /* Models */ = {
			isa = PBXGroup;
			children = (
				5702E6741B9DFFFD001D3E9E /* BaseModel.h */,
				5702E6751B9DFFFD001D3E9E /* BaseModel.m */,
				5702E6861B9F315E001D3E9E /* MediaCollection.h */,
				5702E6871B9F315E001D3E9E /* MediaCollection.m */,
			);
			path = Models;
			sourceTree = "<group>";
		};
		5702E66D1B9DFD84001D3E9E /* Managers */ = {
			isa = PBXGroup;
			children = (
				5702E66E1B9DFF7F001D3E9E /* APIManager.h */,
				5702E66F1B9DFF7F001D3E9E /* APIManager.m */,
			);
			path = Managers;
			sourceTree = "<group>";
		};
		5994AB6686F01F96B4D1425F /* Frameworks */ = {
			isa = PBXGroup;
			children = (
				1A61EED7A51401105BA12796 /* libPods-HipoInstagramClient.a */,
			);
			name = Frameworks;
			sourceTree = "<group>";
		};
/* End PBXGroup section */

/* Begin PBXNativeTarget section */
		5702E6401B9C8BB6001D3E9E /* HipoInstagramClient */ = {
			isa = PBXNativeTarget;
			buildConfigurationList = 5702E6641B9C8BB6001D3E9E /* Build configuration list for PBXNativeTarget "HipoInstagramClient" */;
			buildPhases = (
				C3A1085E15013B81CB19D508 /* Check Pods Manifest.lock */,
				5702E63D1B9C8BB6001D3E9E /* Sources */,
				5702E63E1B9C8BB6001D3E9E /* Frameworks */,
				5702E63F1B9C8BB6001D3E9E /* Resources */,
				C08749C4DE24F09DE307DC98 /* Copy Pods Resources */,
			);
			buildRules = (
			);
			dependencies = (
			);
			name = HipoInstagramClient;
			productName = HipoInstagramClient;
			productReference = 5702E6411B9C8BB6001D3E9E /* HipoInstagramClient.app */;
			productType = "com.apple.product-type.application";
		};
/* End PBXNativeTarget section */

/* Begin PBXProject section */
		5702E6391B9C8BB6001D3E9E /* Project object */ = {
			isa = PBXProject;
			attributes = {
				LastUpgradeCheck = 0640;
				ORGANIZATIONNAME = akaralar;
				TargetAttributes = {
					5702E6401B9C8BB6001D3E9E = {
						CreatedOnToolsVersion = 6.4;
					};
				};
			};
			buildConfigurationList = 5702E63C1B9C8BB6001D3E9E /* Build configuration list for PBXProject "HipoInstagramClient" */;
			compatibilityVersion = "Xcode 3.2";
			developmentRegion = English;
			hasScannedForEncodings = 0;
			knownRegions = (
				en,
				Base,
			);
			mainGroup = 5702E6381B9C8BB6001D3E9E;
			productRefGroup = 5702E6421B9C8BB6001D3E9E /* Products */;
			projectDirPath = "";
			projectRoot = "";
			targets = (
				5702E6401B9C8BB6001D3E9E /* HipoInstagramClient */,
			);
		};
/* End PBXProject section */

/* Begin PBXResourcesBuildPhase section */
		5702E63F1B9C8BB6001D3E9E /* Resources */ = {
			isa = PBXResourcesBuildPhase;
			buildActionMask = 2147483647;
			files = (
				5702E6551B9C8BB6001D3E9E /* LaunchScreen.xib in Resources */,
				5702E6521B9C8BB6001D3E9E /* Images.xcassets in Resources */,
			);
			runOnlyForDeploymentPostprocessing = 0;
		};
/* End PBXResourcesBuildPhase section */

/* Begin PBXShellScriptBuildPhase section */
		C08749C4DE24F09DE307DC98 /* Copy Pods Resources */ = {
			isa = PBXShellScriptBuildPhase;
			buildActionMask = 2147483647;
			files = (
			);
			inputPaths = (
			);
			name = "Copy Pods Resources";
			outputPaths = (
			);
			runOnlyForDeploymentPostprocessing = 0;
			shellPath = /bin/sh;
			shellScript = "\"${SRCROOT}/Pods/Target Support Files/Pods-HipoInstagramClient/Pods-HipoInstagramClient-resources.sh\"\n";
			showEnvVarsInLog = 0;
		};
		C3A1085E15013B81CB19D508 /* Check Pods Manifest.lock */ = {
			isa = PBXShellScriptBuildPhase;
			buildActionMask = 2147483647;
			files = (
			);
			inputPaths = (
			);
			name = "Check Pods Manifest.lock";
			outputPaths = (
			);
			runOnlyForDeploymentPostprocessing = 0;
			shellPath = /bin/sh;
			shellScript = "diff \"${PODS_ROOT}/../Podfile.lock\" \"${PODS_ROOT}/Manifest.lock\" > /dev/null\nif [[ $? != 0 ]] ; then\n    cat << EOM\nerror: The sandbox is not in sync with the Podfile.lock. Run 'pod install' or update your CocoaPods installation.\nEOM\n    exit 1\nfi\n";
			showEnvVarsInLog = 0;
		};
/* End PBXShellScriptBuildPhase section */

/* Begin PBXSourcesBuildPhase section */
		5702E63D1B9C8BB6001D3E9E /* Sources */ = {
			isa = PBXSourcesBuildPhase;
			buildActionMask = 2147483647;
			files = (
				5702E64A1B9C8BB6001D3E9E /* AppDelegate.m in Sources */,
				5702E6731B9DFFE8001D3E9E /* BaseViewController.m in Sources */,
				5702E67F1B9F2A9D001D3E9E /* FeedViewController.m in Sources */,
				5702E6471B9C8BB6001D3E9E /* main.m in Sources */,
				5702E6761B9DFFFD001D3E9E /* BaseModel.m in Sources */,
				5702E67C1B9E112D001D3E9E /* LoginViewController.m in Sources */,
				5702E6881B9F315E001D3E9E /* MediaCollection.m in Sources */,
				5702E6851B9F3017001D3E9E /* LoadingIndicatorCell.m in Sources */,
				5702E6701B9DFF7F001D3E9E /* APIManager.m in Sources */,
				5702E6821B9F2FB2001D3E9E /* InstagramCell.m in Sources */,
				5702E6791B9E1122001D3E9E /* SplashViewController.m in Sources */,
			);
			runOnlyForDeploymentPostprocessing = 0;
		};
/* End PBXSourcesBuildPhase section */

/* Begin PBXVariantGroup section */
		5702E6531B9C8BB6001D3E9E /* LaunchScreen.xib */ = {
			isa = PBXVariantGroup;
			children = (
				5702E6541B9C8BB6001D3E9E /* Base */,
			);
			name = LaunchScreen.xib;
			sourceTree = "<group>";
		};
/* End PBXVariantGroup section */

/* Begin XCBuildConfiguration section */
		5702E6621B9C8BB6001D3E9E /* Debug */ = {
			isa = XCBuildConfiguration;
			buildSettings = {
				ALWAYS_SEARCH_USER_PATHS = NO;
				CLANG_CXX_LANGUAGE_STANDARD = "gnu++0x";
				CLANG_CXX_LIBRARY = "libc++";
				CLANG_ENABLE_MODULES = YES;
				CLANG_ENABLE_OBJC_ARC = YES;
				CLANG_WARN_BOOL_CONVERSION = YES;
				CLANG_WARN_CONSTANT_CONVERSION = YES;
				CLANG_WARN_DIRECT_OBJC_ISA_USAGE = YES_ERROR;
				CLANG_WARN_EMPTY_BODY = YES;
				CLANG_WARN_ENUM_CONVERSION = YES;
				CLANG_WARN_INT_CONVERSION = YES;
				CLANG_WARN_OBJC_ROOT_CLASS = YES_ERROR;
				CLANG_WARN_UNREACHABLE_CODE = YES;
				CLANG_WARN__DUPLICATE_METHOD_MATCH = YES;
				"CODE_SIGN_IDENTITY[sdk=iphoneos*]" = "iPhone Developer";
				COPY_PHASE_STRIP = NO;
				DEBUG_INFORMATION_FORMAT = "dwarf-with-dsym";
				ENABLE_STRICT_OBJC_MSGSEND = YES;
				GCC_C_LANGUAGE_STANDARD = gnu99;
				GCC_DYNAMIC_NO_PIC = NO;
				GCC_NO_COMMON_BLOCKS = YES;
				GCC_OPTIMIZATION_LEVEL = 0;
				GCC_PREPROCESSOR_DEFINITIONS = (
					"DEBUG=1",
					"$(inherited)",
				);
				GCC_SYMBOLS_PRIVATE_EXTERN = NO;
				GCC_WARN_64_TO_32_BIT_CONVERSION = YES;
				GCC_WARN_ABOUT_RETURN_TYPE = YES_ERROR;
				GCC_WARN_UNDECLARED_SELECTOR = YES;
				GCC_WARN_UNINITIALIZED_AUTOS = YES_AGGRESSIVE;
				GCC_WARN_UNUSED_FUNCTION = YES;
				GCC_WARN_UNUSED_VARIABLE = YES;
				IPHONEOS_DEPLOYMENT_TARGET = 8.4;
				MTL_ENABLE_DEBUG_INFO = YES;
				ONLY_ACTIVE_ARCH = YES;
				SDKROOT = iphoneos;
			};
			name = Debug;
		};
		5702E6631B9C8BB6001D3E9E /* Release */ = {
			isa = XCBuildConfiguration;
			buildSettings = {
				ALWAYS_SEARCH_USER_PATHS = NO;
				CLANG_CXX_LANGUAGE_STANDARD = "gnu++0x";
				CLANG_CXX_LIBRARY = "libc++";
				CLANG_ENABLE_MODULES = YES;
				CLANG_ENABLE_OBJC_ARC = YES;
				CLANG_WARN_BOOL_CONVERSION = YES;
				CLANG_WARN_CONSTANT_CONVERSION = YES;
				CLANG_WARN_DIRECT_OBJC_ISA_USAGE = YES_ERROR;
				CLANG_WARN_EMPTY_BODY = YES;
				CLANG_WARN_ENUM_CONVERSION = YES;
				CLANG_WARN_INT_CONVERSION = YES;
				CLANG_WARN_OBJC_ROOT_CLASS = YES_ERROR;
				CLANG_WARN_UNREACHABLE_CODE = YES;
				CLANG_WARN__DUPLICATE_METHOD_MATCH = YES;
				"CODE_SIGN_IDENTITY[sdk=iphoneos*]" = "iPhone Developer";
				COPY_PHASE_STRIP = NO;
				DEBUG_INFORMATION_FORMAT = "dwarf-with-dsym";
				ENABLE_NS_ASSERTIONS = NO;
				ENABLE_STRICT_OBJC_MSGSEND = YES;
				GCC_C_LANGUAGE_STANDARD = gnu99;
				GCC_NO_COMMON_BLOCKS = YES;
				GCC_WARN_64_TO_32_BIT_CONVERSION = YES;
				GCC_WARN_ABOUT_RETURN_TYPE = YES_ERROR;
				GCC_WARN_UNDECLARED_SELECTOR = YES;
				GCC_WARN_UNINITIALIZED_AUTOS = YES_AGGRESSIVE;
				GCC_WARN_UNUSED_FUNCTION = YES;
				GCC_WARN_UNUSED_VARIABLE = YES;
				IPHONEOS_DEPLOYMENT_TARGET = 8.4;
				MTL_ENABLE_DEBUG_INFO = NO;
				SDKROOT = iphoneos;
				VALIDATE_PRODUCT = YES;
			};
			name = Release;
		};
		5702E6651B9C8BB6001D3E9E /* Debug */ = {
			isa = XCBuildConfiguration;
			baseConfigurationReference = 45C5C7213524110673F03008 /* Pods-HipoInstagramClient.debug.xcconfig */;
			buildSettings = {
				ASSETCATALOG_COMPILER_APPICON_NAME = AppIcon;
				INFOPLIST_FILE = HipoInstagramClient/Info.plist;
				IPHONEOS_DEPLOYMENT_TARGET = 8.0;
				LD_RUNPATH_SEARCH_PATHS = "$(inherited) @executable_path/Frameworks";
				PRODUCT_NAME = "$(TARGET_NAME)";
			};
			name = Debug;
		};
		5702E6661B9C8BB6001D3E9E /* Release */ = {
			isa = XCBuildConfiguration;
			baseConfigurationReference = BF43B69106D115D992781F46 /* Pods-HipoInstagramClient.release.xcconfig */;
			buildSettings = {
				ASSETCATALOG_COMPILER_APPICON_NAME = AppIcon;
				INFOPLIST_FILE = HipoInstagramClient/Info.plist;
				IPHONEOS_DEPLOYMENT_TARGET = 8.0;
				LD_RUNPATH_SEARCH_PATHS = "$(inherited) @executable_path/Frameworks";
				PRODUCT_NAME = "$(TARGET_NAME)";
			};
			name = Release;
		};
/* End XCBuildConfiguration section */

/* Begin XCConfigurationList section */
		5702E63C1B9C8BB6001D3E9E /* Build configuration list for PBXProject "HipoInstagramClient" */ = {
			isa = XCConfigurationList;
			buildConfigurations = (
				5702E6621B9C8BB6001D3E9E /* Debug */,
				5702E6631B9C8BB6001D3E9E /* Release */,
			);
			defaultConfigurationIsVisible = 0;
			defaultConfigurationName = Release;
		};
		5702E6641B9C8BB6001D3E9E /* Build configuration list for PBXNativeTarget "HipoInstagramClient" */ = {
			isa = XCConfigurationList;
			buildConfigurations = (
				5702E6651B9C8BB6001D3E9E /* Debug */,
				5702E6661B9C8BB6001D3E9E /* Release */,
			);
			defaultConfigurationIsVisible = 0;
			defaultConfigurationName = Release;
		};
/* End XCConfigurationList section */
	};
	rootObject = 5702E6391B9C8BB6001D3E9E /* Project object */;
}
