// !$*UTF8*$!
{
	archiveVersion = 1;
	classes = {
	};
	objectVersion = 46;
	objects = {

/* Begin PBXBuildFile section */
		5702E6471B9C8BB6001D3E9E /* main.m in Sources */ = {isa = PBXBuildFile; fileRef = 5702E6461B9C8BB6001D3E9E /* main.m */; };
		5702E64A1B9C8BB6001D3E9E /* AppDelegate.m in Sources */ = {isa = PBXBuildFile; fileRef = 5702E6491B9C8BB6001D3E9E /* AppDelegate.m */; };
		5702E64D1B9C8BB6001D3E9E /* ViewController.m in Sources */ = {isa = PBXBuildFile; fileRef = 5702E64C1B9C8BB6001D3E9E /* ViewController.m */; };
		5702E6501B9C8BB6001D3E9E /* Main.storyboard in Resources */ = {isa = PBXBuildFile; fileRef = 5702E64E1B9C8BB6001D3E9E /* Main.storyboard */; };
		5702E6521B9C8BB6001D3E9E /* Images.xcassets in Resources */ = {isa = PBXBuildFile; fileRef = 5702E6511B9C8BB6001D3E9E /* Images.xcassets */; };
		5702E6551B9C8BB6001D3E9E /* LaunchScreen.xib in Resources */ = {isa = PBXBuildFile; fileRef = 5702E6531B9C8BB6001D3E9E /* LaunchScreen.xib */; };
		5702E6611B9C8BB6001D3E9E /* HipoInstagramClientTests.m in Sources */ = {isa = PBXBuildFile; fileRef = 5702E6601B9C8BB6001D3E9E /* HipoInstagramClientTests.m */; };
/* End PBXBuildFile section */

/* Begin PBXContainerItemProxy section */
		5702E65B1B9C8BB6001D3E9E /* PBXContainerItemProxy */ = {
			isa = PBXContainerItemProxy;
			containerPortal = 5702E6391B9C8BB6001D3E9E /* Project object */;
			proxyType = 1;
			remoteGlobalIDString = 5702E6401B9C8BB6001D3E9E;
			remoteInfo = HipoInstagramClient;
		};
/* End PBXContainerItemProxy section */

/* Begin PBXFileReference section */
		5702E6411B9C8BB6001D3E9E /* HipoInstagramClient.app */ = {isa = PBXFileReference; explicitFileType = wrapper.application; includeInIndex = 0; path = HipoInstagramClient.app; sourceTree = BUILT_PRODUCTS_DIR; };
		5702E6451B9C8BB6001D3E9E /* Info.plist */ = {isa = PBXFileReference; lastKnownFileType = text.plist.xml; path = Info.plist; sourceTree = "<group>"; };
		5702E6461B9C8BB6001D3E9E /* main.m */ = {isa = PBXFileReference; lastKnownFileType = sourcecode.c.objc; path = main.m; sourceTree = "<group>"; };
		5702E6481B9C8BB6001D3E9E /* AppDelegate.h */ = {isa = PBXFileReference; lastKnownFileType = sourcecode.c.h; path = AppDelegate.h; sourceTree = "<group>"; };
		5702E6491B9C8BB6001D3E9E /* AppDelegate.m */ = {isa = PBXFileReference; lastKnownFileType = sourcecode.c.objc; path = AppDelegate.m; sourceTree = "<group>"; };
		5702E64B1B9C8BB6001D3E9E /* ViewController.h */ = {isa = PBXFileReference; lastKnownFileType = sourcecode.c.h; path = ViewController.h; sourceTree = "<group>"; };
		5702E64C1B9C8BB6001D3E9E /* ViewController.m */ = {isa = PBXFileReference; lastKnownFileType = sourcecode.c.objc; path = ViewController.m; sourceTree = "<group>"; };
		5702E64F1B9C8BB6001D3E9E /* Base */ = {isa = PBXFileReference; lastKnownFileType = file.storyboard; name = Base; path = Base.lproj/Main.storyboard; sourceTree = "<group>"; };
		5702E6511B9C8BB6001D3E9E /* Images.xcassets */ = {isa = PBXFileReference; lastKnownFileType = folder.assetcatalog; path = Images.xcassets; sourceTree = "<group>"; };
		5702E6541B9C8BB6001D3E9E /* Base */ = {isa = PBXFileReference; lastKnownFileType = file.xib; name = Base; path = Base.lproj/LaunchScreen.xib; sourceTree = "<group>"; };
		5702E65A1B9C8BB6001D3E9E /* HipoInstagramClientTests.xctest */ = {isa = PBXFileReference; explicitFileType = wrapper.cfbundle; includeInIndex = 0; path = HipoInstagramClientTests.xctest; sourceTree = BUILT_PRODUCTS_DIR; };
		5702E65F1B9C8BB6001D3E9E /* Info.plist */ = {isa = PBXFileReference; lastKnownFileType = text.plist.xml; path = Info.plist; sourceTree = "<group>"; };
		5702E6601B9C8BB6001D3E9E /* HipoInstagramClientTests.m */ = {isa = PBXFileReference; lastKnownFileType = sourcecode.c.objc; path = HipoInstagramClientTests.m; sourceTree = "<group>"; };
/* End PBXFileReference section */

/* Begin PBXFrameworksBuildPhase section */
		5702E63E1B9C8BB6001D3E9E /* Frameworks */ = {
			isa = PBXFrameworksBuildPhase;
			buildActionMask = 2147483647;
			files = (
			);
			runOnlyForDeploymentPostprocessing = 0;
		};
		5702E6571B9C8BB6001D3E9E /* Frameworks */ = {
			isa = PBXFrameworksBuildPhase;
			buildActionMask = 2147483647;
			files = (
			);
			runOnlyForDeploymentPostprocessing = 0;
		};
/* End PBXFrameworksBuildPhase section */

/* Begin PBXGroup section */
		5702E6381B9C8BB6001D3E9E = {
			isa = PBXGroup;
			children = (
				5702E6431B9C8BB6001D3E9E /* HipoInstagramClient */,
				5702E65D1B9C8BB6001D3E9E /* HipoInstagramClientTests */,
				5702E6421B9C8BB6001D3E9E /* Products */,
			);
			sourceTree = "<group>";
		};
		5702E6421B9C8BB6001D3E9E /* Products */ = {
			isa = PBXGroup;
			children = (
				5702E6411B9C8BB6001D3E9E /* HipoInstagramClient.app */,
				5702E65A1B9C8BB6001D3E9E /* HipoInstagramClientTests.xctest */,
			);
			name = Products;
			sourceTree = "<group>";
		};
		5702E6431B9C8BB6001D3E9E /* HipoInstagramClient */ = {
			isa = PBXGroup;
			children = (
				5702E6481B9C8BB6001D3E9E /* AppDelegate.h */,
				5702E6491B9C8BB6001D3E9E /* AppDelegate.m */,
				5702E64B1B9C8BB6001D3E9E /* ViewController.h */,
				5702E64C1B9C8BB6001D3E9E /* ViewController.m */,
				5702E64E1B9C8BB6001D3E9E /* Main.storyboard */,
				5702E6511B9C8BB6001D3E9E /* Images.xcassets */,
				5702E6531B9C8BB6001D3E9E /* LaunchScreen.xib */,
				5702E6441B9C8BB6001D3E9E /* Supporting Files */,
			);
			path = HipoInstagramClient;
			sourceTree = "<group>";
		};
		5702E6441B9C8BB6001D3E9E /* Supporting Files */ = {
			isa = PBXGroup;
			children = (
				5702E6451B9C8BB6001D3E9E /* Info.plist */,
				5702E6461B9C8BB6001D3E9E /* main.m */,
			);
			name = "Supporting Files";
			sourceTree = "<group>";
		};
		5702E65D1B9C8BB6001D3E9E /* HipoInstagramClientTests */ = {
			isa = PBXGroup;
			children = (
				5702E6601B9C8BB6001D3E9E /* HipoInstagramClientTests.m */,
				5702E65E1B9C8BB6001D3E9E /* Supporting Files */,
			);
			path = HipoInstagramClientTests;
			sourceTree = "<group>";
		};
		5702E65E1B9C8BB6001D3E9E /* Supporting Files */ = {
			isa = PBXGroup;
			children = (
				5702E65F1B9C8BB6001D3E9E /* Info.plist */,
			);
			name = "Supporting Files";
			sourceTree = "<group>";
		};
/* End PBXGroup section */

/* Begin PBXNativeTarget section */
		5702E6401B9C8BB6001D3E9E /* HipoInstagramClient */ = {
			isa = PBXNativeTarget;
			buildConfigurationList = 5702E6641B9C8BB6001D3E9E /* Build configuration list for PBXNativeTarget "HipoInstagramClient" */;
			buildPhases = (
				5702E63D1B9C8BB6001D3E9E /* Sources */,
				5702E63E1B9C8BB6001D3E9E /* Frameworks */,
				5702E63F1B9C8BB6001D3E9E /* Resources */,
			);
			buildRules = (
			);
			dependencies = (
			);
			name = HipoInstagramClient;
			productName = HipoInstagramClient;
			productReference = 5702E6411B9C8BB6001D3E9E /* HipoInstagramClient.app */;
			productType = "com.apple.product-type.application";
		};
		5702E6591B9C8BB6001D3E9E /* HipoInstagramClientTests */ = {
			isa = PBXNativeTarget;
			buildConfigurationList = 5702E6671B9C8BB6001D3E9E /* Build configuration list for PBXNativeTarget "HipoInstagramClientTests" */;
			buildPhases = (
				5702E6561B9C8BB6001D3E9E /* Sources */,
				5702E6571B9C8BB6001D3E9E /* Frameworks */,
				5702E6581B9C8BB6001D3E9E /* Resources */,
			);
			buildRules = (
			);
			dependencies = (
				5702E65C1B9C8BB6001D3E9E /* PBXTargetDependency */,
			);
			name = HipoInstagramClientTests;
			productName = HipoInstagramClientTests;
			productReference = 5702E65A1B9C8BB6001D3E9E /* HipoInstagramClientTests.xctest */;
			productType = "com.apple.product-type.bundle.unit-test";
		};
/* End PBXNativeTarget section */

/* Begin PBXProject section */
		5702E6391B9C8BB6001D3E9E /* Project object */ = {
			isa = PBXProject;
			attributes = {
				LastUpgradeCheck = 0640;
				ORGANIZATIONNAME = akaralar;
				TargetAttributes = {
					5702E6401B9C8BB6001D3E9E = {
						CreatedOnToolsVersion = 6.4;
					};
					5702E6591B9C8BB6001D3E9E = {
						CreatedOnToolsVersion = 6.4;
						TestTargetID = 5702E6401B9C8BB6001D3E9E;
					};
				};
			};
			buildConfigurationList = 5702E63C1B9C8BB6001D3E9E /* Build configuration list for PBXProject "HipoInstagramClient" */;
			compatibilityVersion = "Xcode 3.2";
			developmentRegion = English;
			hasScannedForEncodings = 0;
			knownRegions = (
				en,
				Base,
			);
			mainGroup = 5702E6381B9C8BB6001D3E9E;
			productRefGroup = 5702E6421B9C8BB6001D3E9E /* Products */;
			projectDirPath = "";
			projectRoot = "";
			targets = (
				5702E6401B9C8BB6001D3E9E /* HipoInstagramClient */,
				5702E6591B9C8BB6001D3E9E /* HipoInstagramClientTests */,
			);
		};
/* End PBXProject section */

/* Begin PBXResourcesBuildPhase section */
		5702E63F1B9C8BB6001D3E9E /* Resources */ = {
			isa = PBXResourcesBuildPhase;
			buildActionMask = 2147483647;
			files = (
				5702E6501B9C8BB6001D3E9E /* Main.storyboard in Resources */,
				5702E6551B9C8BB6001D3E9E /* LaunchScreen.xib in Resources */,
				5702E6521B9C8BB6001D3E9E /* Images.xcassets in Resources */,
			);
			runOnlyForDeploymentPostprocessing = 0;
		};
		5702E6581B9C8BB6001D3E9E /* Resources */ = {
			isa = PBXResourcesBuildPhase;
			buildActionMask = 2147483647;
			files = (
			);
			runOnlyForDeploymentPostprocessing = 0;
		};
/* End PBXResourcesBuildPhase section */

/* Begin PBXSourcesBuildPhase section */
		5702E63D1B9C8BB6001D3E9E /* Sources */ = {
			isa = PBXSourcesBuildPhase;
			buildActionMask = 2147483647;
			files = (
				5702E64D1B9C8BB6001D3E9E /* ViewController.m in Sources */,
				5702E64A1B9C8BB6001D3E9E /* AppDelegate.m in Sources */,
				5702E6471B9C8BB6001D3E9E /* main.m in Sources */,
			);
			runOnlyForDeploymentPostprocessing = 0;
		};
		5702E6561B9C8BB6001D3E9E /* Sources */ = {
			isa = PBXSourcesBuildPhase;
			buildActionMask = 2147483647;
			files = (
				5702E6611B9C8BB6001D3E9E /* HipoInstagramClientTests.m in Sources */,
			);
			runOnlyForDeploymentPostprocessing = 0;
		};
/* End PBXSourcesBuildPhase section */

/* Begin PBXTargetDependency section */
		5702E65C1B9C8BB6001D3E9E /* PBXTargetDependency */ = {
			isa = PBXTargetDependency;
			target = 5702E6401B9C8BB6001D3E9E /* HipoInstagramClient */;
			targetProxy = 5702E65B1B9C8BB6001D3E9E /* PBXContainerItemProxy */;
		};
/* End PBXTargetDependency section */

/* Begin PBXVariantGroup section */
		5702E64E1B9C8BB6001D3E9E /* Main.storyboard */ = {
			isa = PBXVariantGroup;
			children = (
				5702E64F1B9C8BB6001D3E9E /* Base */,
			);
			name = Main.storyboard;
			sourceTree = "<group>";
		};
		5702E6531B9C8BB6001D3E9E /* LaunchScreen.xib */ = {
			isa = PBXVariantGroup;
			children = (
				5702E6541B9C8BB6001D3E9E /* Base */,
			);
			name = LaunchScreen.xib;
			sourceTree = "<group>";
		};
/* End PBXVariantGroup section */

/* Begin XCBuildConfiguration section */
		5702E6621B9C8BB6001D3E9E /* Debug */ = {
			isa = XCBuildConfiguration;
			buildSettings = {
				ALWAYS_SEARCH_USER_PATHS = NO;
				CLANG_CXX_LANGUAGE_STANDARD = "gnu++0x";
				CLANG_CXX_LIBRARY = "libc++";
				CLANG_ENABLE_MODULES = YES;
				CLANG_ENABLE_OBJC_ARC = YES;
				CLANG_WARN_BOOL_CONVERSION = YES;
				CLANG_WARN_CONSTANT_CONVERSION = YES;
				CLANG_WARN_DIRECT_OBJC_ISA_USAGE = YES_ERROR;
				CLANG_WARN_EMPTY_BODY = YES;
				CLANG_WARN_ENUM_CONVERSION = YES;
				CLANG_WARN_INT_CONVERSION = YES;
				CLANG_WARN_OBJC_ROOT_CLASS = YES_ERROR;
				CLANG_WARN_UNREACHABLE_CODE = YES;
				CLANG_WARN__DUPLICATE_METHOD_MATCH = YES;
				"CODE_SIGN_IDENTITY[sdk=iphoneos*]" = "iPhone Developer";
				COPY_PHASE_STRIP = NO;
				DEBUG_INFORMATION_FORMAT = "dwarf-with-dsym";
				ENABLE_STRICT_OBJC_MSGSEND = YES;
				GCC_C_LANGUAGE_STANDARD = gnu99;
				GCC_DYNAMIC_NO_PIC = NO;
				GCC_NO_COMMON_BLOCKS = YES;
				GCC_OPTIMIZATION_LEVEL = 0;
				GCC_PREPROCESSOR_DEFINITIONS = (
					"DEBUG=1",
					"$(inherited)",
				);
				GCC_SYMBOLS_PRIVATE_EXTERN = NO;
				GCC_WARN_64_TO_32_BIT_CONVERSION = YES;
				GCC_WARN_ABOUT_RETURN_TYPE = YES_ERROR;
				GCC_WARN_UNDECLARED_SELECTOR = YES;
				GCC_WARN_UNINITIALIZED_AUTOS = YES_AGGRESSIVE;
				GCC_WARN_UNUSED_FUNCTION = YES;
				GCC_WARN_UNUSED_VARIABLE = YES;
				IPHONEOS_DEPLOYMENT_TARGET = 8.4;
				MTL_ENABLE_DEBUG_INFO = YES;
				ONLY_ACTIVE_ARCH = YES;
				SDKROOT = iphoneos;
			};
			name = Debug;
		};
		5702E6631B9C8BB6001D3E9E /* Release */ = {
			isa = XCBuildConfiguration;
			buildSettings = {
				ALWAYS_SEARCH_USER_PATHS = NO;
				CLANG_CXX_LANGUAGE_STANDARD = "gnu++0x";
				CLANG_CXX_LIBRARY = "libc++";
				CLANG_ENABLE_MODULES = YES;
				CLANG_ENABLE_OBJC_ARC = YES;
				CLANG_WARN_BOOL_CONVERSION = YES;
				CLANG_WARN_CONSTANT_CONVERSION = YES;
				CLANG_WARN_DIRECT_OBJC_ISA_USAGE = YES_ERROR;
				CLANG_WARN_EMPTY_BODY = YES;
				CLANG_WARN_ENUM_CONVERSION = YES;
				CLANG_WARN_INT_CONVERSION = YES;
				CLANG_WARN_OBJC_ROOT_CLASS = YES_ERROR;
				CLANG_WARN_UNREACHABLE_CODE = YES;
				CLANG_WARN__DUPLICATE_METHOD_MATCH = YES;
				"CODE_SIGN_IDENTITY[sdk=iphoneos*]" = "iPhone Developer";
				COPY_PHASE_STRIP = NO;
				DEBUG_INFORMATION_FORMAT = "dwarf-with-dsym";
				ENABLE_NS_ASSERTIONS = NO;
				ENABLE_STRICT_OBJC_MSGSEND = YES;
				GCC_C_LANGUAGE_STANDARD = gnu99;
				GCC_NO_COMMON_BLOCKS = YES;
				GCC_WARN_64_TO_32_BIT_CONVERSION = YES;
				GCC_WARN_ABOUT_RETURN_TYPE = YES_ERROR;
				GCC_WARN_UNDECLARED_SELECTOR = YES;
				GCC_WARN_UNINITIALIZED_AUTOS = YES_AGGRESSIVE;
				GCC_WARN_UNUSED_FUNCTION = YES;
				GCC_WARN_UNUSED_VARIABLE = YES;
				IPHONEOS_DEPLOYMENT_TARGET = 8.4;
				MTL_ENABLE_DEBUG_INFO = NO;
				SDKROOT = iphoneos;
				VALIDATE_PRODUCT = YES;
			};
			name = Release;
		};
		5702E6651B9C8BB6001D3E9E /* Debug */ = {
			isa = XCBuildConfiguration;
			buildSettings = {
				ASSETCATALOG_COMPILER_APPICON_NAME = AppIcon;
				INFOPLIST_FILE = HipoInstagramClient/Info.plist;
				LD_RUNPATH_SEARCH_PATHS = "$(inherited) @executable_path/Frameworks";
				PRODUCT_NAME = "$(TARGET_NAME)";
			};
			name = Debug;
		};
		5702E6661B9C8BB6001D3E9E /* Release */ = {
			isa = XCBuildConfiguration;
			buildSettings = {
				ASSETCATALOG_COMPILER_APPICON_NAME = AppIcon;
				INFOPLIST_FILE = HipoInstagramClient/Info.plist;
				LD_RUNPATH_SEARCH_PATHS = "$(inherited) @executable_path/Frameworks";
				PRODUCT_NAME = "$(TARGET_NAME)";
			};
			name = Release;
		};
		5702E6681B9C8BB6001D3E9E /* Debug */ = {
			isa = XCBuildConfiguration;
			buildSettings = {
				BUNDLE_LOADER = "$(TEST_HOST)";
				FRAMEWORK_SEARCH_PATHS = (
					"$(SDKROOT)/Developer/Library/Frameworks",
					"$(inherited)",
				);
				GCC_PREPROCESSOR_DEFINITIONS = (
					"DEBUG=1",
					"$(inherited)",
				);
				INFOPLIST_FILE = HipoInstagramClientTests/Info.plist;
				LD_RUNPATH_SEARCH_PATHS = "$(inherited) @executable_path/Frameworks @loader_path/Frameworks";
				PRODUCT_NAME = "$(TARGET_NAME)";
				TEST_HOST = "$(BUILT_PRODUCTS_DIR)/HipoInstagramClient.app/HipoInstagramClient";
			};
			name = Debug;
		};
		5702E6691B9C8BB6001D3E9E /* Release */ = {
			isa = XCBuildConfiguration;
			buildSettings = {
				BUNDLE_LOADER = "$(TEST_HOST)";
				FRAMEWORK_SEARCH_PATHS = (
					"$(SDKROOT)/Developer/Library/Frameworks",
					"$(inherited)",
				);
				INFOPLIST_FILE = HipoInstagramClientTests/Info.plist;
				LD_RUNPATH_SEARCH_PATHS = "$(inherited) @executable_path/Frameworks @loader_path/Frameworks";
				PRODUCT_NAME = "$(TARGET_NAME)";
				TEST_HOST = "$(BUILT_PRODUCTS_DIR)/HipoInstagramClient.app/HipoInstagramClient";
			};
			name = Release;
		};
/* End XCBuildConfiguration section */

/* Begin XCConfigurationList section */
		5702E63C1B9C8BB6001D3E9E /* Build configuration list for PBXProject "HipoInstagramClient" */ = {
			isa = XCConfigurationList;
			buildConfigurations = (
				5702E6621B9C8BB6001D3E9E /* Debug */,
				5702E6631B9C8BB6001D3E9E /* Release */,
			);
			defaultConfigurationIsVisible = 0;
			defaultConfigurationName = Release;
		};
		5702E6641B9C8BB6001D3E9E /* Build configuration list for PBXNativeTarget "HipoInstagramClient" */ = {
			isa = XCConfigurationList;
			buildConfigurations = (
				5702E6651B9C8BB6001D3E9E /* Debug */,
				5702E6661B9C8BB6001D3E9E /* Release */,
			);
			defaultConfigurationIsVisible = 0;
		};
		5702E6671B9C8BB6001D3E9E /* Build configuration list for PBXNativeTarget "HipoInstagramClientTests" */ = {
			isa = XCConfigurationList;
			buildConfigurations = (
				5702E6681B9C8BB6001D3E9E /* Debug */,
				5702E6691B9C8BB6001D3E9E /* Release */,
			);
			defaultConfigurationIsVisible = 0;
		};
/* End XCConfigurationList section */
	};
	rootObject = 5702E6391B9C8BB6001D3E9E /* Project object */;
}
